{
  "name": "wordnet-db",
  "version": "3.1.5",
  "lockfileVersion": 1,
  "dependencies": {
    "minimist": {
      "version": "0.0.8",
      "resolved": "https://registry.npmjs.org/minimist/-/minimist-0.0.8.tgz",
      "integrity": "sha1-hX/Kv8M5fSYluCKCYuhqp6ARsF0="
    },
    "minipass": {
      "version": "2.0.2",
      "resolved": "https://registry.npmjs.org/minipass/-/minipass-2.0.2.tgz",
      "integrity": "sha512-DtFmHGmqDzlw/iUypeGvwFSbP3n7R6S0wcJ1GiQkKxM1aQigmCUaQLOT2fGQGNwZCKdqxTtC2NN5FzEWFiz+KA=="
    },
    "minizlib": {
      "version": "1.0.3",
      "resolved": "https://registry.npmjs.org/minizlib/-/minizlib-1.0.3.tgz",
      "integrity": "sha1-1cGr93vhVGGZUuJTM27Mq5sqMvU="
    },
    "mkdirp": {
      "version": "0.5.1",
      "resolved": "https://registry.npmjs.org/mkdirp/-/mkdirp-0.5.1.tgz",
      "integrity": "sha1-MAV0OOrGz3+MR2fzhkjWaX11yQM="
    },
    "tar": {
      "version": "3.1.5",
      "resolved": "https://registry.npmjs.org/tar/-/tar-3.1.5.tgz",
      "integrity": "sha512-TKJKz1fqBOZBaIQ/MGRKU0EnTGmKMLy4ReTRgP10AgtfOWBbj9PBg4MgY80GFpqGbs2EzcIctW5gbwbP4woDYg=="
    },
    "yallist": {
      "version": "3.0.2",
      "resolved": "https://registry.npmjs.org/yallist/-/yallist-3.0.2.tgz",
      "integrity": "sha1-hFK0u36Dx8GI2AQcGoN8dz1ti7k="
    }
  }
}
